
Microsoft Visual Studio Solution File, Format Version 12.00
# Visual Studio Version 16
VisualStudioVersion = 16.0.28117.3001
MinimumVisualStudioVersion = 10.0.40219.1
Project("{FAE04EC0-301F-11D3-BF4B-00C04F79EFBC}") = "ZenCodingVS", "src\ZenCodingVS.csproj", "{6904ECAD-A905-447E-8AC4-0542D40E17E3}"
EndProject
Project("{2150E333-8FDC-42A3-9474-1A3956D46DE8}") = "Solution Items", "Solution Items", "{DFF7938C-ED40-49F5-96AF-4F514CFB1409}"
	ProjectSection(SolutionItems) = preProject
		appveyor.yml = appveyor.yml
		CHANGELOG.md = CHANGELOG.md
		README.md = README.md
	EndProjectSection
EndProject
Global
	GlobalSection(SolutionConfigurationPlatforms) = preSolution
		Debug|Any CPU = Debug|Any CPU
		Release|Any CPU = Release|Any CPU
	EndGlobalSection
	GlobalSection(ProjectConfigurationPlatforms) = postSolution
		{6904ECAD-A905-447E-8AC4-0542D40E17E3}.Debug|Any CPU.ActiveCfg = Debug|Any CPU
		{6904ECAD-A905-447E-8AC4-0542D40E17E3}.Debug|Any CPU.Build.0 = Debug|Any CPU
		{6904ECAD-A905-447E-8AC4-0542D40E17E3}.Release|Any CPU.ActiveCfg = Release|Any CPU
		{6904ECAD-A905-447E-8AC4-0542D40E17E3}.Release|Any CPU.Build.0 = Release|Any CPU
	EndGlobalSection
	GlobalSection(SolutionProperties) = preSolution
		HideSolutionNode = FALSE
	EndGlobalSection
	GlobalSection(ExtensibilityGlobals) = postSolution
		SolutionGuid = {5A16C84E-DB31-485A-B8FB-F44DBD038E57}
	EndGlobalSection
EndGlobal
